
Microsoft Visual Studio Solution File, Format Version 12.00
# Visual Studio Version 16
VisualStudioVersion = 16.0.31205.134
MinimumVisualStudioVersion = 10.0.40219.1
Project("{FAE04EC0-301F-11D3-BF4B-00C04F79EFBC}") = "Ais", "Ais\Ais.csproj", "{D6F77F8D-0F51-4380-9744-939F8FF36DDC}"
EndProject
Global
	GlobalSection(SolutionConfigurationPlatforms) = preSolution
		Debug|Any CPU = Debug|Any CPU
		Release|Any CPU = Release|Any CPU
	EndGlobalSection
	GlobalSection(ProjectConfigurationPlatforms) = postSolution
		{D6F77F8D-0F51-4380-9744-939F8FF36DDC}.Debug|Any CPU.ActiveCfg = Debug|Any CPU
		{D6F77F8D-0F51-4380-9744-939F8FF36DDC}.Debug|Any CPU.Build.0 = Debug|Any CPU
		{D6F77F8D-0F51-4380-9744-939F8FF36DDC}.Release|Any CPU.ActiveCfg = Release|Any CPU
		{D6F77F8D-0F51-4380-9744-939F8FF36DDC}.Release|Any CPU.Build.0 = Release|Any CPU
	EndGlobalSection
	GlobalSection(SolutionProperties) = preSolution
		HideSolutionNode = FALSE
	EndGlobalSection
	GlobalSection(ExtensibilityGlobals) = postSolution
		SolutionGuid = {C1F9F5AD-0AFC-41FB-BB09-1203F2E38F55}
	EndGlobalSection
EndGlobal
